
Microsoft Visual Studio Solution File, Format Version 12.00
# Visual Studio Version 16
VisualStudioVersion = 16.0.31911.196
MinimumVisualStudioVersion = 10.0.40219.1
Project("{9A19103F-16F7-4668-BE54-9A1E7A4F7556}") = "IronSky", "IronSky.csproj", "{40CC6F7D-E888-4F51-BC7A-6E1BF8EEBF4A}"
EndProject
Project("{FAE04EC0-301F-11D3-BF4B-00C04F79EFBC}") = "Core", "..\Core\Core.csproj", "{36730CD1-3D66-4487-82AF-5E63E2A360DA}"
EndProject
Project("{FAE04EC0-301F-11D3-BF4B-00C04F79EFBC}") = "Entities", "..\Entities\Entities.csproj", "{D969759B-4BFC-4130-A98C-BFF5D954EB36}"
EndProject
Project("{FAE04EC0-301F-11D3-BF4B-00C04F79EFBC}") = "DataAccess", "..\DataAccess\DataAccess.csproj", "{5984D34B-6911-4719-9EA4-FBBF8B8B9109}"
EndProject
Project("{FAE04EC0-301F-11D3-BF4B-00C04F79EFBC}") = "Business", "..\Business\Business.csproj", "{AE46B232-EEA0-487C-8FA8-96B0A9539216}"
EndProject
Global
	GlobalSection(SolutionConfigurationPlatforms) = preSolution
		Debug|Any CPU = Debug|Any CPU
		Release|Any CPU = Release|Any CPU
	EndGlobalSection
	GlobalSection(ProjectConfigurationPlatforms) = postSolution
		{40CC6F7D-E888-4F51-BC7A-6E1BF8EEBF4A}.Debug|Any CPU.ActiveCfg = Debug|Any CPU
		{40CC6F7D-E888-4F51-BC7A-6E1BF8EEBF4A}.Debug|Any CPU.Build.0 = Debug|Any CPU
		{40CC6F7D-E888-4F51-BC7A-6E1BF8EEBF4A}.Release|Any CPU.ActiveCfg = Release|Any CPU
		{40CC6F7D-E888-4F51-BC7A-6E1BF8EEBF4A}.Release|Any CPU.Build.0 = Release|Any CPU
		{36730CD1-3D66-4487-82AF-5E63E2A360DA}.Debug|Any CPU.ActiveCfg = Debug|Any CPU
		{36730CD1-3D66-4487-82AF-5E63E2A360DA}.Debug|Any CPU.Build.0 = Debug|Any CPU
		{36730CD1-3D66-4487-82AF-5E63E2A360DA}.Release|Any CPU.ActiveCfg = Release|Any CPU
		{36730CD1-3D66-4487-82AF-5E63E2A360DA}.Release|Any CPU.Build.0 = Release|Any CPU
		{D969759B-4BFC-4130-A98C-BFF5D954EB36}.Debug|Any CPU.ActiveCfg = Debug|Any CPU
		{D969759B-4BFC-4130-A98C-BFF5D954EB36}.Debug|Any CPU.Build.0 = Debug|Any CPU
		{D969759B-4BFC-4130-A98C-BFF5D954EB36}.Release|Any CPU.ActiveCfg = Release|Any CPU
		{D969759B-4BFC-4130-A98C-BFF5D954EB36}.Release|Any CPU.Build.0 = Release|Any CPU
		{5984D34B-6911-4719-9EA4-FBBF8B8B9109}.Debug|Any CPU.ActiveCfg = Debug|Any CPU
		{5984D34B-6911-4719-9EA4-FBBF8B8B9109}.Debug|Any CPU.Build.0 = Debug|Any CPU
		{5984D34B-6911-4719-9EA4-FBBF8B8B9109}.Release|Any CPU.ActiveCfg = Release|Any CPU
		{5984D34B-6911-4719-9EA4-FBBF8B8B9109}.Release|Any CPU.Build.0 = Release|Any CPU
		{AE46B232-EEA0-487C-8FA8-96B0A9539216}.Debug|Any CPU.ActiveCfg = Debug|Any CPU
		{AE46B232-EEA0-487C-8FA8-96B0A9539216}.Debug|Any CPU.Build.0 = Debug|Any CPU
		{AE46B232-EEA0-487C-8FA8-96B0A9539216}.Release|Any CPU.ActiveCfg = Release|Any CPU
		{AE46B232-EEA0-487C-8FA8-96B0A9539216}.Release|Any CPU.Build.0 = Release|Any CPU
	EndGlobalSection
	GlobalSection(SolutionProperties) = preSolution
		HideSolutionNode = FALSE
	EndGlobalSection
	GlobalSection(ExtensibilityGlobals) = postSolution
		SolutionGuid = {7BDD0B44-8C1D-4051-835C-545C67E87DFC}
	EndGlobalSection
EndGlobal
